// !$*UTF8*$!
{
	archiveVersion = 1;
	classes = {
	};
	objectVersion = 46;
	objects = {

/* Begin PBXBuildFile section */
		253ACA671E55F5520060BF7B /* IW_AppManager.m in Sources */ = {isa = PBXBuildFile; fileRef = 253ACA661E55F5520060BF7B /* IW_AppManager.m */; };
		2E25AB181E56E4F700EB1F9C /* IW_Const.m in Sources */ = {isa = PBXBuildFile; fileRef = 2E25AB171E56E4F700EB1F9C /* IW_Const.m */; };
		2E55BC6A1E52AB6F003CBB30 /* main.m in Sources */ = {isa = PBXBuildFile; fileRef = 2E55BC691E52AB6F003CBB30 /* main.m */; };
		2E55BC6D1E52AB6F003CBB30 /* AppDelegate.m in Sources */ = {isa = PBXBuildFile; fileRef = 2E55BC6C1E52AB6F003CBB30 /* AppDelegate.m */; };
		2E55BC701E52AB6F003CBB30 /* IW_MainViewController.m in Sources */ = {isa = PBXBuildFile; fileRef = 2E55BC6F1E52AB6F003CBB30 /* IW_MainViewController.m */; };
		2E55BC731E52AB6F003CBB30 /* Main.storyboard in Resources */ = {isa = PBXBuildFile; fileRef = 2E55BC711E52AB6F003CBB30 /* Main.storyboard */; };
		2E55BC751E52AB6F003CBB30 /* Assets.xcassets in Resources */ = {isa = PBXBuildFile; fileRef = 2E55BC741E52AB6F003CBB30 /* Assets.xcassets */; };
		2E55BC781E52AB6F003CBB30 /* LaunchScreen.storyboard in Resources */ = {isa = PBXBuildFile; fileRef = 2E55BC761E52AB6F003CBB30 /* LaunchScreen.storyboard */; };
		2E55BC861E52ABB1003CBB30 /* NotificationCenter.framework in Frameworks */ = {isa = PBXBuildFile; fileRef = 2E55BC851E52ABB1003CBB30 /* NotificationCenter.framework */; };
		2E55BC8A1E52ABB2003CBB30 /* TodayViewController.m in Sources */ = {isa = PBXBuildFile; fileRef = 2E55BC891E52ABB2003CBB30 /* TodayViewController.m */; };
		2E55BC8D1E52ABB2003CBB30 /* MainInterface.storyboard in Resources */ = {isa = PBXBuildFile; fileRef = 2E55BC8B1E52ABB2003CBB30 /* MainInterface.storyboard */; };
		2E55BC911E52ABB2003CBB30 /* iWordWidget.appex in Embed App Extensions */ = {isa = PBXBuildFile; fileRef = 2E55BC831E52ABB1003CBB30 /* iWordWidget.appex */; settings = {ATTRIBUTES = (RemoveHeadersOnCopy, ); }; };
		2E55BCA11E52CECF003CBB30 /* IW_WordSearchController.m in Sources */ = {isa = PBXBuildFile; fileRef = 2E55BCA01E52CECF003CBB30 /* IW_WordSearchController.m */; };
		2E55BCA41E52CEFA003CBB30 /* IW_WordHistoryController.m in Sources */ = {isa = PBXBuildFile; fileRef = 2E55BCA31E52CEFA003CBB30 /* IW_WordHistoryController.m */; };
		2E55BCA71E52CF09003CBB30 /* IW_SettingViewController.m in Sources */ = {isa = PBXBuildFile; fileRef = 2E55BCA61E52CF09003CBB30 /* IW_SettingViewController.m */; };
		2EB772661E55718F00FB3D1B /* IWShareKit.h in Headers */ = {isa = PBXBuildFile; fileRef = 2EB772641E55718F00FB3D1B /* IWShareKit.h */; settings = {ATTRIBUTES = (Public, ); }; };
		2EB772691E55718F00FB3D1B /* IWShareKit.framework in Frameworks */ = {isa = PBXBuildFile; fileRef = 2EB772621E55718F00FB3D1B /* IWShareKit.framework */; };
		2EB7726A1E55718F00FB3D1B /* IWShareKit.framework in Embed Frameworks */ = {isa = PBXBuildFile; fileRef = 2EB772621E55718F00FB3D1B /* IWShareKit.framework */; settings = {ATTRIBUTES = (CodeSignOnCopy, RemoveHeadersOnCopy, ); }; };
		2EB7726E1E5571AD00FB3D1B /* IWShareKit.framework in Frameworks */ = {isa = PBXBuildFile; fileRef = 2EB772621E55718F00FB3D1B /* IWShareKit.framework */; };
		2EB7726F1E5571C700FB3D1B /* IW_DBManager.h in Headers */ = {isa = PBXBuildFile; fileRef = 2E55BCCA1E531EE0003CBB30 /* IW_DBManager.h */; };
		2EB772701E5571CB00FB3D1B /* IW_DBManager.m in Sources */ = {isa = PBXBuildFile; fileRef = 2E55BCCB1E531EE0003CBB30 /* IW_DBManager.m */; };
		2EB772711E5571CE00FB3D1B /* IW_WordAPITool.h in Headers */ = {isa = PBXBuildFile; fileRef = 2E55BCCD1E531F01003CBB30 /* IW_WordAPITool.h */; };
		2EB772721E5571D100FB3D1B /* IW_WordAPITool.m in Sources */ = {isa = PBXBuildFile; fileRef = 2E55BCCE1E531F01003CBB30 /* IW_WordAPITool.m */; };
		2EB772741E5571D800FB3D1B /* IW_SharedTool.h in Headers */ = {isa = PBXBuildFile; fileRef = 2E55BCD01E5320B2003CBB30 /* IW_SharedTool.h */; };
		2EB772751E5571DB00FB3D1B /* IW_SharedTool.m in Sources */ = {isa = PBXBuildFile; fileRef = 2E55BCD11E5320B2003CBB30 /* IW_SharedTool.m */; };
		2EB772761E5571E500FB3D1B /* AFHTTPSessionManager.h in Headers */ = {isa = PBXBuildFile; fileRef = 253ACA341E5343980060BF7B /* AFHTTPSessionManager.h */; };
		2EB772771E5571E800FB3D1B /* AFHTTPSessionManager.m in Sources */ = {isa = PBXBuildFile; fileRef = 253ACA351E5343980060BF7B /* AFHTTPSessionManager.m */; };
		2EB772781E5571EB00FB3D1B /* AFNetworking.h in Headers */ = {isa = PBXBuildFile; fileRef = 253ACA361E5343980060BF7B /* AFNetworking.h */; };
		2EB772791E5571EE00FB3D1B /* AFNetworkReachabilityManager.h in Headers */ = {isa = PBXBuildFile; fileRef = 253ACA371E5343980060BF7B /* AFNetworkReachabilityManager.h */; };
		2EB7727A1E5571F000FB3D1B /* AFNetworkReachabilityManager.m in Sources */ = {isa = PBXBuildFile; fileRef = 253ACA381E5343980060BF7B /* AFNetworkReachabilityManager.m */; };
		2EB7727B1E5571F300FB3D1B /* AFSecurityPolicy.h in Headers */ = {isa = PBXBuildFile; fileRef = 253ACA391E5343980060BF7B /* AFSecurityPolicy.h */; };
		2EB7727C1E5571F600FB3D1B /* AFSecurityPolicy.m in Sources */ = {isa = PBXBuildFile; fileRef = 253ACA3A1E5343980060BF7B /* AFSecurityPolicy.m */; };
		2EB7727D1E5571F900FB3D1B /* AFURLRequestSerialization.h in Headers */ = {isa = PBXBuildFile; fileRef = 253ACA3B1E5343980060BF7B /* AFURLRequestSerialization.h */; };
		2EB7727E1E5571FD00FB3D1B /* AFURLRequestSerialization.m in Sources */ = {isa = PBXBuildFile; fileRef = 253ACA3C1E5343980060BF7B /* AFURLRequestSerialization.m */; };
		2EB7727F1E5571FF00FB3D1B /* AFURLResponseSerialization.h in Headers */ = {isa = PBXBuildFile; fileRef = 253ACA3D1E5343980060BF7B /* AFURLResponseSerialization.h */; };
		2EB772801E55720300FB3D1B /* AFURLResponseSerialization.m in Sources */ = {isa = PBXBuildFile; fileRef = 253ACA3E1E5343980060BF7B /* AFURLResponseSerialization.m */; };
		2EB772811E55720600FB3D1B /* AFURLSessionManager.h in Headers */ = {isa = PBXBuildFile; fileRef = 253ACA3F1E5343980060BF7B /* AFURLSessionManager.h */; };
		2EB772821E55720A00FB3D1B /* AFURLSessionManager.m in Sources */ = {isa = PBXBuildFile; fileRef = 253ACA401E5343980060BF7B /* AFURLSessionManager.m */; };
		2EB772831E55721100FB3D1B /* AFAutoPurgingImageCache.h in Headers */ = {isa = PBXBuildFile; fileRef = 253ACA421E5343980060BF7B /* AFAutoPurgingImageCache.h */; };
		2EB772841E55721300FB3D1B /* AFAutoPurgingImageCache.m in Sources */ = {isa = PBXBuildFile; fileRef = 253ACA431E5343980060BF7B /* AFAutoPurgingImageCache.m */; };
		2EB772851E55721500FB3D1B /* AFImageDownloader.h in Headers */ = {isa = PBXBuildFile; fileRef = 253ACA441E5343980060BF7B /* AFImageDownloader.h */; };
		2EB772861E55721800FB3D1B /* AFImageDownloader.m in Sources */ = {isa = PBXBuildFile; fileRef = 253ACA451E5343980060BF7B /* AFImageDownloader.m */; };
		2EB772871E55721B00FB3D1B /* AFNetworkActivityIndicatorManager.h in Headers */ = {isa = PBXBuildFile; fileRef = 253ACA461E5343980060BF7B /* AFNetworkActivityIndicatorManager.h */; };
		2EB772881E55721E00FB3D1B /* AFNetworkActivityIndicatorManager.m in Sources */ = {isa = PBXBuildFile; fileRef = 253ACA471E5343980060BF7B /* AFNetworkActivityIndicatorManager.m */; };
		2EB772891E55722000FB3D1B /* UIActivityIndicatorView+AFNetworking.h in Headers */ = {isa = PBXBuildFile; fileRef = 253ACA481E5343980060BF7B /* UIActivityIndicatorView+AFNetworking.h */; };
		2EB7728A1E55722200FB3D1B /* UIActivityIndicatorView+AFNetworking.m in Sources */ = {isa = PBXBuildFile; fileRef = 253ACA491E5343980060BF7B /* UIActivityIndicatorView+AFNetworking.m */; };
		2EB7728B1E55722500FB3D1B /* UIButton+AFNetworking.h in Headers */ = {isa = PBXBuildFile; fileRef = 253ACA4A1E5343980060BF7B /* UIButton+AFNetworking.h */; };
		2EB7728C1E55722800FB3D1B /* UIButton+AFNetworking.m in Sources */ = {isa = PBXBuildFile; fileRef = 253ACA4B1E5343980060BF7B /* UIButton+AFNetworking.m */; };
		2EB7728D1E55722A00FB3D1B /* UIImage+AFNetworking.h in Headers */ = {isa = PBXBuildFile; fileRef = 253ACA4C1E5343980060BF7B /* UIImage+AFNetworking.h */; };
		2EB7728E1E55722D00FB3D1B /* UIImageView+AFNetworking.h in Headers */ = {isa = PBXBuildFile; fileRef = 253ACA4D1E5343980060BF7B /* UIImageView+AFNetworking.h */; };
		2EB772901E55723000FB3D1B /* UIImageView+AFNetworking.m in Sources */ = {isa = PBXBuildFile; fileRef = 253ACA4E1E5343980060BF7B /* UIImageView+AFNetworking.m */; };
		2EB772911E55723300FB3D1B /* UIKit+AFNetworking.h in Headers */ = {isa = PBXBuildFile; fileRef = 253ACA4F1E5343980060BF7B /* UIKit+AFNetworking.h */; };
		2EB772921E55723600FB3D1B /* UIProgressView+AFNetworking.h in Headers */ = {isa = PBXBuildFile; fileRef = 253ACA501E5343980060BF7B /* UIProgressView+AFNetworking.h */; };
		2EB772931E55723800FB3D1B /* UIProgressView+AFNetworking.m in Sources */ = {isa = PBXBuildFile; fileRef = 253ACA511E5343980060BF7B /* UIProgressView+AFNetworking.m */; };
		2EB772941E55723A00FB3D1B /* UIRefreshControl+AFNetworking.h in Headers */ = {isa = PBXBuildFile; fileRef = 253ACA521E5343980060BF7B /* UIRefreshControl+AFNetworking.h */; };
		2EB772951E55723D00FB3D1B /* UIRefreshControl+AFNetworking.m in Sources */ = {isa = PBXBuildFile; fileRef = 253ACA531E5343980060BF7B /* UIRefreshControl+AFNetworking.m */; };
		2EB772961E55723F00FB3D1B /* UIWebView+AFNetworking.h in Headers */ = {isa = PBXBuildFile; fileRef = 253ACA541E5343980060BF7B /* UIWebView+AFNetworking.h */; };
		2EB772971E55724100FB3D1B /* UIWebView+AFNetworking.m in Sources */ = {isa = PBXBuildFile; fileRef = 253ACA551E5343980060BF7B /* UIWebView+AFNetworking.m */; };
		2EB772981E55724900FB3D1B /* IW_WordBaseModel.h in Headers */ = {isa = PBXBuildFile; fileRef = 2E55BCD31E53225F003CBB30 /* IW_WordBaseModel.h */; };
		2EB772991E55724E00FB3D1B /* IW_WordBaseModel.m in Sources */ = {isa = PBXBuildFile; fileRef = 2E55BCD41E53225F003CBB30 /* IW_WordBaseModel.m */; };
		2EB7729A1E55725000FB3D1B /* IW_YouDaoResult.h in Headers */ = {isa = PBXBuildFile; fileRef = 2E55BCD61E532413003CBB30 /* IW_YouDaoResult.h */; };
		2EB7729B1E55725300FB3D1B /* IW_YouDaoResult.m in Sources */ = {isa = PBXBuildFile; fileRef = 2E55BCD71E532413003CBB30 /* IW_YouDaoResult.m */; };
		2EB7729C1E55725500FB3D1B /* IW_JinShanResult.h in Headers */ = {isa = PBXBuildFile; fileRef = 2EBAB56E1E53FE9D0092B75E /* IW_JinShanResult.h */; };
		2EB7729D1E55725800FB3D1B /* IW_JinShanResult.m in Sources */ = {isa = PBXBuildFile; fileRef = 2EBAB56F1E53FE9D0092B75E /* IW_JinShanResult.m */; };
		2EB772A11E55744E00FB3D1B /* IW_WordView.m in Sources */ = {isa = PBXBuildFile; fileRef = 2EBAB5721E543B6B0092B75E /* IW_WordView.m */; };
		2EB772A21E55745100FB3D1B /* IW_WordView.xib in Resources */ = {isa = PBXBuildFile; fileRef = 2EBAB5741E543B790092B75E /* IW_WordView.xib */; };
		2EBAB5761E5471200092B75E /* Assets.xcassets in Resources */ = {isa = PBXBuildFile; fileRef = 2E55BC741E52AB6F003CBB30 /* Assets.xcassets */; };
/* End PBXBuildFile section */

/* Begin PBXContainerItemProxy section */
		2E55BC8F1E52ABB2003CBB30 /* PBXContainerItemProxy */ = {
			isa = PBXContainerItemProxy;
			containerPortal = 2E55BC5D1E52AB6F003CBB30 /* Project object */;
			proxyType = 1;
			remoteGlobalIDString = 2E55BC821E52ABB1003CBB30;
			remoteInfo = iWordWidget;
		};
		2EB772671E55718F00FB3D1B /* PBXContainerItemProxy */ = {
			isa = PBXContainerItemProxy;
			containerPortal = 2E55BC5D1E52AB6F003CBB30 /* Project object */;
			proxyType = 1;
			remoteGlobalIDString = 2EB772611E55718F00FB3D1B;
			remoteInfo = IWShareKit;
		};
/* End PBXContainerItemProxy section */

/* Begin PBXCopyFilesBuildPhase section */
		2E55BC951E52ABB2003CBB30 /* Embed App Extensions */ = {
			isa = PBXCopyFilesBuildPhase;
			buildActionMask = 2147483647;
			dstPath = "";
			dstSubfolderSpec = 13;
			files = (
				2E55BC911E52ABB2003CBB30 /* iWordWidget.appex in Embed App Extensions */,
			);
			name = "Embed App Extensions";
			runOnlyForDeploymentPostprocessing = 0;
		};
		2EB772361E55709D00FB3D1B /* Embed Frameworks */ = {
			isa = PBXCopyFilesBuildPhase;
			buildActionMask = 2147483647;
			dstPath = "";
			dstSubfolderSpec = 10;
			files = (
				2EB7726A1E55718F00FB3D1B /* IWShareKit.framework in Embed Frameworks */,
			);
			name = "Embed Frameworks";
			runOnlyForDeploymentPostprocessing = 0;
		};
/* End PBXCopyFilesBuildPhase section */

/* Begin PBXFileReference section */
		253ACA341E5343980060BF7B /* AFHTTPSessionManager.h */ = {isa = PBXFileReference; fileEncoding = 4; lastKnownFileType = sourcecode.c.h; path = AFHTTPSessionManager.h; sourceTree = "<group>"; };
		253ACA351E5343980060BF7B /* AFHTTPSessionManager.m */ = {isa = PBXFileReference; fileEncoding = 4; lastKnownFileType = sourcecode.c.objc; path = AFHTTPSessionManager.m; sourceTree = "<group>"; };
		253ACA361E5343980060BF7B /* AFNetworking.h */ = {isa = PBXFileReference; fileEncoding = 4; lastKnownFileType = sourcecode.c.h; path = AFNetworking.h; sourceTree = "<group>"; };
		253ACA371E5343980060BF7B /* AFNetworkReachabilityManager.h */ = {isa = PBXFileReference; fileEncoding = 4; lastKnownFileType = sourcecode.c.h; path = AFNetworkReachabilityManager.h; sourceTree = "<group>"; };
		253ACA381E5343980060BF7B /* AFNetworkReachabilityManager.m */ = {isa = PBXFileReference; fileEncoding = 4; lastKnownFileType = sourcecode.c.objc; path = AFNetworkReachabilityManager.m; sourceTree = "<group>"; };
		253ACA391E5343980060BF7B /* AFSecurityPolicy.h */ = {isa = PBXFileReference; fileEncoding = 4; lastKnownFileType = sourcecode.c.h; path = AFSecurityPolicy.h; sourceTree = "<group>"; };
		253ACA3A1E5343980060BF7B /* AFSecurityPolicy.m */ = {isa = PBXFileReference; fileEncoding = 4; lastKnownFileType = sourcecode.c.objc; path = AFSecurityPolicy.m; sourceTree = "<group>"; };
		253ACA3B1E5343980060BF7B /* AFURLRequestSerialization.h */ = {isa = PBXFileReference; fileEncoding = 4; lastKnownFileType = sourcecode.c.h; path = AFURLRequestSerialization.h; sourceTree = "<group>"; };
		253ACA3C1E5343980060BF7B /* AFURLRequestSerialization.m */ = {isa = PBXFileReference; fileEncoding = 4; lastKnownFileType = sourcecode.c.objc; path = AFURLRequestSerialization.m; sourceTree = "<group>"; };
		253ACA3D1E5343980060BF7B /* AFURLResponseSerialization.h */ = {isa = PBXFileReference; fileEncoding = 4; lastKnownFileType = sourcecode.c.h; path = AFURLResponseSerialization.h; sourceTree = "<group>"; };
		253ACA3E1E5343980060BF7B /* AFURLResponseSerialization.m */ = {isa = PBXFileReference; fileEncoding = 4; lastKnownFileType = sourcecode.c.objc; path = AFURLResponseSerialization.m; sourceTree = "<group>"; };
		253ACA3F1E5343980060BF7B /* AFURLSessionManager.h */ = {isa = PBXFileReference; fileEncoding = 4; lastKnownFileType = sourcecode.c.h; path = AFURLSessionManager.h; sourceTree = "<group>"; };
		253ACA401E5343980060BF7B /* AFURLSessionManager.m */ = {isa = PBXFileReference; fileEncoding = 4; lastKnownFileType = sourcecode.c.objc; path = AFURLSessionManager.m; sourceTree = "<group>"; };
		253ACA421E5343980060BF7B /* AFAutoPurgingImageCache.h */ = {isa = PBXFileReference; fileEncoding = 4; lastKnownFileType = sourcecode.c.h; path = AFAutoPurgingImageCache.h; sourceTree = "<group>"; };
		253ACA431E5343980060BF7B /* AFAutoPurgingImageCache.m */ = {isa = PBXFileReference; fileEncoding = 4; lastKnownFileType = sourcecode.c.objc; path = AFAutoPurgingImageCache.m; sourceTree = "<group>"; };
		253ACA441E5343980060BF7B /* AFImageDownloader.h */ = {isa = PBXFileReference; fileEncoding = 4; lastKnownFileType = sourcecode.c.h; path = AFImageDownloader.h; sourceTree = "<group>"; };
		253ACA451E5343980060BF7B /* AFImageDownloader.m */ = {isa = PBXFileReference; fileEncoding = 4; lastKnownFileType = sourcecode.c.objc; path = AFImageDownloader.m; sourceTree = "<group>"; };
		253ACA461E5343980060BF7B /* AFNetworkActivityIndicatorManager.h */ = {isa = PBXFileReference; fileEncoding = 4; lastKnownFileType = sourcecode.c.h; path = AFNetworkActivityIndicatorManager.h; sourceTree = "<group>"; };
		253ACA471E5343980060BF7B /* AFNetworkActivityIndicatorManager.m */ = {isa = PBXFileReference; fileEncoding = 4; lastKnownFileType = sourcecode.c.objc; path = AFNetworkActivityIndicatorManager.m; sourceTree = "<group>"; };
		253ACA481E5343980060BF7B /* UIActivityIndicatorView+AFNetworking.h */ = {isa = PBXFileReference; fileEncoding = 4; lastKnownFileType = sourcecode.c.h; path = "UIActivityIndicatorView+AFNetworking.h"; sourceTree = "<group>"; };
		253ACA491E5343980060BF7B /* UIActivityIndicatorView+AFNetworking.m */ = {isa = PBXFileReference; fileEncoding = 4; lastKnownFileType = sourcecode.c.objc; path = "UIActivityIndicatorView+AFNetworking.m"; sourceTree = "<group>"; };
		253ACA4A1E5343980060BF7B /* UIButton+AFNetworking.h */ = {isa = PBXFileReference; fileEncoding = 4; lastKnownFileType = sourcecode.c.h; path = "UIButton+AFNetworking.h"; sourceTree = "<group>"; };
		253ACA4B1E5343980060BF7B /* UIButton+AFNetworking.m */ = {isa = PBXFileReference; fileEncoding = 4; lastKnownFileType = sourcecode.c.objc; path = "UIButton+AFNetworking.m"; sourceTree = "<group>"; };
		253ACA4C1E5343980060BF7B /* UIImage+AFNetworking.h */ = {isa = PBXFileReference; fileEncoding = 4; lastKnownFileType = sourcecode.c.h; path = "UIImage+AFNetworking.h"; sourceTree = "<group>"; };
		253ACA4D1E5343980060BF7B /* UIImageView+AFNetworking.h */ = {isa = PBXFileReference; fileEncoding = 4; lastKnownFileType = sourcecode.c.h; path = "UIImageView+AFNetworking.h"; sourceTree = "<group>"; };
		253ACA4E1E5343980060BF7B /* UIImageView+AFNetworking.m */ = {isa = PBXFileReference; fileEncoding = 4; lastKnownFileType = sourcecode.c.objc; path = "UIImageView+AFNetworking.m"; sourceTree = "<group>"; };
		253ACA4F1E5343980060BF7B /* UIKit+AFNetworking.h */ = {isa = PBXFileReference; fileEncoding = 4; lastKnownFileType = sourcecode.c.h; path = "UIKit+AFNetworking.h"; sourceTree = "<group>"; };
		253ACA501E5343980060BF7B /* UIProgressView+AFNetworking.h */ = {isa = PBXFileReference; fileEncoding = 4; lastKnownFileType = sourcecode.c.h; path = "UIProgressView+AFNetworking.h"; sourceTree = "<group>"; };
		253ACA511E5343980060BF7B /* UIProgressView+AFNetworking.m */ = {isa = PBXFileReference; fileEncoding = 4; lastKnownFileType = sourcecode.c.objc; path = "UIProgressView+AFNetworking.m"; sourceTree = "<group>"; };
		253ACA521E5343980060BF7B /* UIRefreshControl+AFNetworking.h */ = {isa = PBXFileReference; fileEncoding = 4; lastKnownFileType = sourcecode.c.h; path = "UIRefreshControl+AFNetworking.h"; sourceTree = "<group>"; };
		253ACA531E5343980060BF7B /* UIRefreshControl+AFNetworking.m */ = {isa = PBXFileReference; fileEncoding = 4; lastKnownFileType = sourcecode.c.objc; path = "UIRefreshControl+AFNetworking.m"; sourceTree = "<group>"; };
		253ACA541E5343980060BF7B /* UIWebView+AFNetworking.h */ = {isa = PBXFileReference; fileEncoding = 4; lastKnownFileType = sourcecode.c.h; path = "UIWebView+AFNetworking.h"; sourceTree = "<group>"; };
		253ACA551E5343980060BF7B /* UIWebView+AFNetworking.m */ = {isa = PBXFileReference; fileEncoding = 4; lastKnownFileType = sourcecode.c.objc; path = "UIWebView+AFNetworking.m"; sourceTree = "<group>"; };
		253ACA651E55F5520060BF7B /* IW_AppManager.h */ = {isa = PBXFileReference; fileEncoding = 4; lastKnownFileType = sourcecode.c.h; path = IW_AppManager.h; sourceTree = "<group>"; };
		253ACA661E55F5520060BF7B /* IW_AppManager.m */ = {isa = PBXFileReference; fileEncoding = 4; lastKnownFileType = sourcecode.c.objc; path = IW_AppManager.m; sourceTree = "<group>"; };
		2E25AB161E56E4F700EB1F9C /* IW_Const.h */ = {isa = PBXFileReference; fileEncoding = 4; lastKnownFileType = sourcecode.c.h; path = IW_Const.h; sourceTree = "<group>"; };
		2E25AB171E56E4F700EB1F9C /* IW_Const.m */ = {isa = PBXFileReference; fileEncoding = 4; lastKnownFileType = sourcecode.c.objc; path = IW_Const.m; sourceTree = "<group>"; };
		2E55BC651E52AB6F003CBB30 /* iWord.app */ = {isa = PBXFileReference; explicitFileType = wrapper.application; includeInIndex = 0; path = iWord.app; sourceTree = BUILT_PRODUCTS_DIR; };
		2E55BC691E52AB6F003CBB30 /* main.m */ = {isa = PBXFileReference; lastKnownFileType = sourcecode.c.objc; path = main.m; sourceTree = "<group>"; };
		2E55BC6B1E52AB6F003CBB30 /* AppDelegate.h */ = {isa = PBXFileReference; lastKnownFileType = sourcecode.c.h; path = AppDelegate.h; sourceTree = "<group>"; };
		2E55BC6C1E52AB6F003CBB30 /* AppDelegate.m */ = {isa = PBXFileReference; lastKnownFileType = sourcecode.c.objc; path = AppDelegate.m; sourceTree = "<group>"; };
		2E55BC6E1E52AB6F003CBB30 /* IW_MainViewController.h */ = {isa = PBXFileReference; lastKnownFileType = sourcecode.c.h; name = IW_MainViewController.h; path = ../IW_MainViewController.h; sourceTree = "<group>"; };
		2E55BC6F1E52AB6F003CBB30 /* IW_MainViewController.m */ = {isa = PBXFileReference; lastKnownFileType = sourcecode.c.objc; name = IW_MainViewController.m; path = ../IW_MainViewController.m; sourceTree = "<group>"; };
		2E55BC721E52AB6F003CBB30 /* Base */ = {isa = PBXFileReference; lastKnownFileType = file.storyboard; name = Base; path = Base.lproj/Main.storyboard; sourceTree = "<group>"; };
		2E55BC741E52AB6F003CBB30 /* Assets.xcassets */ = {isa = PBXFileReference; lastKnownFileType = folder.assetcatalog; path = Assets.xcassets; sourceTree = "<group>"; };
		2E55BC771E52AB6F003CBB30 /* Base */ = {isa = PBXFileReference; lastKnownFileType = file.storyboard; name = Base; path = Base.lproj/LaunchScreen.storyboard; sourceTree = "<group>"; };
		2E55BC791E52AB6F003CBB30 /* Info.plist */ = {isa = PBXFileReference; lastKnownFileType = text.plist.xml; path = Info.plist; sourceTree = "<group>"; };
		2E55BC831E52ABB1003CBB30 /* iWordWidget.appex */ = {isa = PBXFileReference; explicitFileType = "wrapper.app-extension"; includeInIndex = 0; path = iWordWidget.appex; sourceTree = BUILT_PRODUCTS_DIR; };
		2E55BC851E52ABB1003CBB30 /* NotificationCenter.framework */ = {isa = PBXFileReference; lastKnownFileType = wrapper.framework; name = NotificationCenter.framework; path = System/Library/Frameworks/NotificationCenter.framework; sourceTree = SDKROOT; };
		2E55BC881E52ABB2003CBB30 /* TodayViewController.h */ = {isa = PBXFileReference; lastKnownFileType = sourcecode.c.h; path = TodayViewController.h; sourceTree = "<group>"; };
		2E55BC891E52ABB2003CBB30 /* TodayViewController.m */ = {isa = PBXFileReference; lastKnownFileType = sourcecode.c.objc; path = TodayViewController.m; sourceTree = "<group>"; };
		2E55BC8C1E52ABB2003CBB30 /* Base */ = {isa = PBXFileReference; lastKnownFileType = file.storyboard; name = Base; path = Base.lproj/MainInterface.storyboard; sourceTree = "<group>"; };
		2E55BC8E1E52ABB2003CBB30 /* Info.plist */ = {isa = PBXFileReference; lastKnownFileType = text.plist.xml; path = Info.plist; sourceTree = "<group>"; };
		2E55BC9E1E52CDF8003CBB30 /* IW_Header.pch */ = {isa = PBXFileReference; lastKnownFileType = sourcecode.c.h; path = IW_Header.pch; sourceTree = "<group>"; };
		2E55BC9F1E52CECF003CBB30 /* IW_WordSearchController.h */ = {isa = PBXFileReference; fileEncoding = 4; lastKnownFileType = sourcecode.c.h; path = IW_WordSearchController.h; sourceTree = "<group>"; };
		2E55BCA01E52CECF003CBB30 /* IW_WordSearchController.m */ = {isa = PBXFileReference; fileEncoding = 4; lastKnownFileType = sourcecode.c.objc; path = IW_WordSearchController.m; sourceTree = "<group>"; };
		2E55BCA21E52CEFA003CBB30 /* IW_WordHistoryController.h */ = {isa = PBXFileReference; fileEncoding = 4; lastKnownFileType = sourcecode.c.h; path = IW_WordHistoryController.h; sourceTree = "<group>"; };
		2E55BCA31E52CEFA003CBB30 /* IW_WordHistoryController.m */ = {isa = PBXFileReference; fileEncoding = 4; lastKnownFileType = sourcecode.c.objc; path = IW_WordHistoryController.m; sourceTree = "<group>"; };
		2E55BCA51E52CF09003CBB30 /* IW_SettingViewController.h */ = {isa = PBXFileReference; fileEncoding = 4; lastKnownFileType = sourcecode.c.h; path = IW_SettingViewController.h; sourceTree = "<group>"; };
		2E55BCA61E52CF09003CBB30 /* IW_SettingViewController.m */ = {isa = PBXFileReference; fileEncoding = 4; lastKnownFileType = sourcecode.c.objc; path = IW_SettingViewController.m; sourceTree = "<group>"; };
		2E55BCCA1E531EE0003CBB30 /* IW_DBManager.h */ = {isa = PBXFileReference; fileEncoding = 4; lastKnownFileType = sourcecode.c.h; path = IW_DBManager.h; sourceTree = "<group>"; };
		2E55BCCB1E531EE0003CBB30 /* IW_DBManager.m */ = {isa = PBXFileReference; fileEncoding = 4; lastKnownFileType = sourcecode.c.objc; path = IW_DBManager.m; sourceTree = "<group>"; };
		2E55BCCD1E531F01003CBB30 /* IW_WordAPITool.h */ = {isa = PBXFileReference; fileEncoding = 4; lastKnownFileType = sourcecode.c.h; path = IW_WordAPITool.h; sourceTree = "<group>"; };
		2E55BCCE1E531F01003CBB30 /* IW_WordAPITool.m */ = {isa = PBXFileReference; fileEncoding = 4; lastKnownFileType = sourcecode.c.objc; path = IW_WordAPITool.m; sourceTree = "<group>"; };
		2E55BCD01E5320B2003CBB30 /* IW_SharedTool.h */ = {isa = PBXFileReference; fileEncoding = 4; lastKnownFileType = sourcecode.c.h; path = IW_SharedTool.h; sourceTree = "<group>"; };
		2E55BCD11E5320B2003CBB30 /* IW_SharedTool.m */ = {isa = PBXFileReference; fileEncoding = 4; lastKnownFileType = sourcecode.c.objc; path = IW_SharedTool.m; sourceTree = "<group>"; };
		2E55BCD31E53225F003CBB30 /* IW_WordBaseModel.h */ = {isa = PBXFileReference; fileEncoding = 4; lastKnownFileType = sourcecode.c.h; path = IW_WordBaseModel.h; sourceTree = "<group>"; };
		2E55BCD41E53225F003CBB30 /* IW_WordBaseModel.m */ = {isa = PBXFileReference; fileEncoding = 4; lastKnownFileType = sourcecode.c.objc; path = IW_WordBaseModel.m; sourceTree = "<group>"; };
		2E55BCD61E532413003CBB30 /* IW_YouDaoResult.h */ = {isa = PBXFileReference; fileEncoding = 4; lastKnownFileType = sourcecode.c.h; path = IW_YouDaoResult.h; sourceTree = "<group>"; };
		2E55BCD71E532413003CBB30 /* IW_YouDaoResult.m */ = {isa = PBXFileReference; fileEncoding = 4; lastKnownFileType = sourcecode.c.objc; path = IW_YouDaoResult.m; sourceTree = "<group>"; };
		2EB772621E55718F00FB3D1B /* IWShareKit.framework */ = {isa = PBXFileReference; explicitFileType = wrapper.framework; includeInIndex = 0; path = IWShareKit.framework; sourceTree = BUILT_PRODUCTS_DIR; };
		2EB772641E55718F00FB3D1B /* IWShareKit.h */ = {isa = PBXFileReference; lastKnownFileType = sourcecode.c.h; path = IWShareKit.h; sourceTree = "<group>"; };
		2EB772651E55718F00FB3D1B /* Info.plist */ = {isa = PBXFileReference; lastKnownFileType = text.plist.xml; path = Info.plist; sourceTree = "<group>"; };
		2EBAB56E1E53FE9D0092B75E /* IW_JinShanResult.h */ = {isa = PBXFileReference; fileEncoding = 4; lastKnownFileType = sourcecode.c.h; path = IW_JinShanResult.h; sourceTree = "<group>"; };
		2EBAB56F1E53FE9D0092B75E /* IW_JinShanResult.m */ = {isa = PBXFileReference; fileEncoding = 4; lastKnownFileType = sourcecode.c.objc; path = IW_JinShanResult.m; sourceTree = "<group>"; };
		2EBAB5711E543B6B0092B75E /* IW_WordView.h */ = {isa = PBXFileReference; fileEncoding = 4; lastKnownFileType = sourcecode.c.h; path = IW_WordView.h; sourceTree = "<group>"; };
		2EBAB5721E543B6B0092B75E /* IW_WordView.m */ = {isa = PBXFileReference; fileEncoding = 4; lastKnownFileType = sourcecode.c.objc; path = IW_WordView.m; sourceTree = "<group>"; };
		2EBAB5741E543B790092B75E /* IW_WordView.xib */ = {isa = PBXFileReference; fileEncoding = 4; lastKnownFileType = file.xib; path = IW_WordView.xib; sourceTree = "<group>"; };
/* End PBXFileReference section */

/* Begin PBXFrameworksBuildPhase section */
		2E55BC621E52AB6F003CBB30 /* Frameworks */ = {
			isa = PBXFrameworksBuildPhase;
			buildActionMask = 2147483647;
			files = (
				2EB772691E55718F00FB3D1B /* IWShareKit.framework in Frameworks */,
			);
			runOnlyForDeploymentPostprocessing = 0;
		};
		2E55BC801E52ABB1003CBB30 /* Frameworks */ = {
			isa = PBXFrameworksBuildPhase;
			buildActionMask = 2147483647;
			files = (
				2EB7726E1E5571AD00FB3D1B /* IWShareKit.framework in Frameworks */,
				2E55BC861E52ABB1003CBB30 /* NotificationCenter.framework in Frameworks */,
			);
			runOnlyForDeploymentPostprocessing = 0;
		};
		2EB7725E1E55718F00FB3D1B /* Frameworks */ = {
			isa = PBXFrameworksBuildPhase;
			buildActionMask = 2147483647;
			files = (
			);
			runOnlyForDeploymentPostprocessing = 0;
		};
/* End PBXFrameworksBuildPhase section */

/* Begin PBXGroup section */
		253ACA331E5343980060BF7B /* AFNetworking */ = {
			isa = PBXGroup;
			children = (
				253ACA341E5343980060BF7B /* AFHTTPSessionManager.h */,
				253ACA351E5343980060BF7B /* AFHTTPSessionManager.m */,
				253ACA361E5343980060BF7B /* AFNetworking.h */,
				253ACA371E5343980060BF7B /* AFNetworkReachabilityManager.h */,
				253ACA381E5343980060BF7B /* AFNetworkReachabilityManager.m */,
				253ACA391E5343980060BF7B /* AFSecurityPolicy.h */,
				253ACA3A1E5343980060BF7B /* AFSecurityPolicy.m */,
				253ACA3B1E5343980060BF7B /* AFURLRequestSerialization.h */,
				253ACA3C1E5343980060BF7B /* AFURLRequestSerialization.m */,
				253ACA3D1E5343980060BF7B /* AFURLResponseSerialization.h */,
				253ACA3E1E5343980060BF7B /* AFURLResponseSerialization.m */,
				253ACA3F1E5343980060BF7B /* AFURLSessionManager.h */,
				253ACA401E5343980060BF7B /* AFURLSessionManager.m */,
			);
			path = AFNetworking;
			sourceTree = "<group>";
		};
		253ACA411E5343980060BF7B /* UIKit+AFNetworking */ = {
			isa = PBXGroup;
			children = (
				253ACA421E5343980060BF7B /* AFAutoPurgingImageCache.h */,
				253ACA431E5343980060BF7B /* AFAutoPurgingImageCache.m */,
				253ACA441E5343980060BF7B /* AFImageDownloader.h */,
				253ACA451E5343980060BF7B /* AFImageDownloader.m */,
				253ACA461E5343980060BF7B /* AFNetworkActivityIndicatorManager.h */,
				253ACA471E5343980060BF7B /* AFNetworkActivityIndicatorManager.m */,
				253ACA481E5343980060BF7B /* UIActivityIndicatorView+AFNetworking.h */,
				253ACA491E5343980060BF7B /* UIActivityIndicatorView+AFNetworking.m */,
				253ACA4A1E5343980060BF7B /* UIButton+AFNetworking.h */,
				253ACA4B1E5343980060BF7B /* UIButton+AFNetworking.m */,
				253ACA4C1E5343980060BF7B /* UIImage+AFNetworking.h */,
				253ACA4D1E5343980060BF7B /* UIImageView+AFNetworking.h */,
				253ACA4E1E5343980060BF7B /* UIImageView+AFNetworking.m */,
				253ACA4F1E5343980060BF7B /* UIKit+AFNetworking.h */,
				253ACA501E5343980060BF7B /* UIProgressView+AFNetworking.h */,
				253ACA511E5343980060BF7B /* UIProgressView+AFNetworking.m */,
				253ACA521E5343980060BF7B /* UIRefreshControl+AFNetworking.h */,
				253ACA531E5343980060BF7B /* UIRefreshControl+AFNetworking.m */,
				253ACA541E5343980060BF7B /* UIWebView+AFNetworking.h */,
				253ACA551E5343980060BF7B /* UIWebView+AFNetworking.m */,
			);
			path = "UIKit+AFNetworking";
			sourceTree = "<group>";
		};
		2E55BC5C1E52AB6F003CBB30 = {
			isa = PBXGroup;
			children = (
				2E55BC671E52AB6F003CBB30 /* iWord */,
				2E55BC871E52ABB1003CBB30 /* iWordWidget */,
				2EB772631E55718F00FB3D1B /* IWShareKit */,
				2E55BC841E52ABB1003CBB30 /* Frameworks */,
				2E55BC661E52AB6F003CBB30 /* Products */,
			);
			sourceTree = "<group>";
		};
		2E55BC661E52AB6F003CBB30 /* Products */ = {
			isa = PBXGroup;
			children = (
				2E55BC651E52AB6F003CBB30 /* iWord.app */,
				2E55BC831E52ABB1003CBB30 /* iWordWidget.appex */,
				2EB772621E55718F00FB3D1B /* IWShareKit.framework */,
			);
			name = Products;
			sourceTree = "<group>";
		};
		2E55BC671E52AB6F003CBB30 /* iWord */ = {
			isa = PBXGroup;
			children = (
				2E55BC6B1E52AB6F003CBB30 /* AppDelegate.h */,
				2E55BC6C1E52AB6F003CBB30 /* AppDelegate.m */,
				2E55BC971E52CDB8003CBB30 /* Controller */,
				2E55BC9D1E52CDB8003CBB30 /* View */,
				2E55BC991E52CDB8003CBB30 /* Model */,
				2E55BC9B1E52CDB8003CBB30 /* Tools */,
				2E55BC961E52CDB8003CBB30 /* Category */,
				2E55BC9C1E52CDB8003CBB30 /* Vendor */,
				2E55BC9A1E52CDB8003CBB30 /* Resources */,
				2E55BC711E52AB6F003CBB30 /* Main.storyboard */,
				2E55BC741E52AB6F003CBB30 /* Assets.xcassets */,
				2E55BC761E52AB6F003CBB30 /* LaunchScreen.storyboard */,
				2E55BC791E52AB6F003CBB30 /* Info.plist */,
				2E55BC681E52AB6F003CBB30 /* Supporting Files */,
			);
			path = iWord;
			sourceTree = "<group>";
		};
		2E55BC681E52AB6F003CBB30 /* Supporting Files */ = {
			isa = PBXGroup;
			children = (
				2E55BC691E52AB6F003CBB30 /* main.m */,
				2E55BC9E1E52CDF8003CBB30 /* IW_Header.pch */,
			);
			name = "Supporting Files";
			sourceTree = "<group>";
		};
		2E55BC841E52ABB1003CBB30 /* Frameworks */ = {
			isa = PBXGroup;
			children = (
				2E55BC851E52ABB1003CBB30 /* NotificationCenter.framework */,
			);
			name = Frameworks;
			sourceTree = "<group>";
		};
		2E55BC871E52ABB1003CBB30 /* iWordWidget */ = {
			isa = PBXGroup;
			children = (
				2E55BC881E52ABB2003CBB30 /* TodayViewController.h */,
				2E55BC891E52ABB2003CBB30 /* TodayViewController.m */,
				2E55BC8B1E52ABB2003CBB30 /* MainInterface.storyboard */,
				2E55BC8E1E52ABB2003CBB30 /* Info.plist */,
			);
			path = iWordWidget;
			sourceTree = "<group>";
		};
		2E55BC961E52CDB8003CBB30 /* Category */ = {
			isa = PBXGroup;
			children = (
			);
			path = Category;
			sourceTree = "<group>";
		};
		2E55BC971E52CDB8003CBB30 /* Controller */ = {
			isa = PBXGroup;
			children = (
				2E55BC6E1E52AB6F003CBB30 /* IW_MainViewController.h */,
				2E55BC6F1E52AB6F003CBB30 /* IW_MainViewController.m */,
				2E55BC9F1E52CECF003CBB30 /* IW_WordSearchController.h */,
				2E55BCA01E52CECF003CBB30 /* IW_WordSearchController.m */,
				2E55BCA21E52CEFA003CBB30 /* IW_WordHistoryController.h */,
				2E55BCA31E52CEFA003CBB30 /* IW_WordHistoryController.m */,
				2E55BCA51E52CF09003CBB30 /* IW_SettingViewController.h */,
				2E55BCA61E52CF09003CBB30 /* IW_SettingViewController.m */,
			);
			path = Controller;
			sourceTree = "<group>";
		};
		2E55BC991E52CDB8003CBB30 /* Model */ = {
			isa = PBXGroup;
			children = (
				2E55BCD31E53225F003CBB30 /* IW_WordBaseModel.h */,
				2E55BCD41E53225F003CBB30 /* IW_WordBaseModel.m */,
				2E55BCD61E532413003CBB30 /* IW_YouDaoResult.h */,
				2E55BCD71E532413003CBB30 /* IW_YouDaoResult.m */,
				2EBAB56E1E53FE9D0092B75E /* IW_JinShanResult.h */,
				2EBAB56F1E53FE9D0092B75E /* IW_JinShanResult.m */,
			);
			path = Model;
			sourceTree = "<group>";
		};
		2E55BC9A1E52CDB8003CBB30 /* Resources */ = {
			isa = PBXGroup;
			children = (
			);
			path = Resources;
			sourceTree = "<group>";
		};
		2E55BC9B1E52CDB8003CBB30 /* Tools */ = {
			isa = PBXGroup;
			children = (
				2E55BCCA1E531EE0003CBB30 /* IW_DBManager.h */,
				2E55BCCB1E531EE0003CBB30 /* IW_DBManager.m */,
				2E55BCCD1E531F01003CBB30 /* IW_WordAPITool.h */,
				2E55BCCE1E531F01003CBB30 /* IW_WordAPITool.m */,
				2E55BCD01E5320B2003CBB30 /* IW_SharedTool.h */,
				2E55BCD11E5320B2003CBB30 /* IW_SharedTool.m */,
				253ACA651E55F5520060BF7B /* IW_AppManager.h */,
				253ACA661E55F5520060BF7B /* IW_AppManager.m */,
				2E25AB161E56E4F700EB1F9C /* IW_Const.h */,
				2E25AB171E56E4F700EB1F9C /* IW_Const.m */,
			);
			path = Tools;
			sourceTree = "<group>";
		};
		2E55BC9C1E52CDB8003CBB30 /* Vendor */ = {
			isa = PBXGroup;
			children = (
				253ACA331E5343980060BF7B /* AFNetworking */,
				253ACA411E5343980060BF7B /* UIKit+AFNetworking */,
			);
			path = Vendor;
			sourceTree = "<group>";
		};
		2E55BC9D1E52CDB8003CBB30 /* View */ = {
			isa = PBXGroup;
			children = (
				2EBAB5711E543B6B0092B75E /* IW_WordView.h */,
				2EBAB5721E543B6B0092B75E /* IW_WordView.m */,
				2EBAB5741E543B790092B75E /* IW_WordView.xib */,
			);
			path = View;
			sourceTree = "<group>";
		};
		2EB772631E55718F00FB3D1B /* IWShareKit */ = {
			isa = PBXGroup;
			children = (
				2EB772641E55718F00FB3D1B /* IWShareKit.h */,
				2EB772651E55718F00FB3D1B /* Info.plist */,
			);
			path = IWShareKit;
			sourceTree = "<group>";
		};
/* End PBXGroup section */

/* Begin PBXHeadersBuildPhase section */
		2EB7725F1E55718F00FB3D1B /* Headers */ = {
			isa = PBXHeadersBuildPhase;
			buildActionMask = 2147483647;
			files = (
				2EB7728E1E55722D00FB3D1B /* UIImageView+AFNetworking.h in Headers */,
				2EB772811E55720600FB3D1B /* AFURLSessionManager.h in Headers */,
				2EB7728B1E55722500FB3D1B /* UIButton+AFNetworking.h in Headers */,
				2EB7727D1E5571F900FB3D1B /* AFURLRequestSerialization.h in Headers */,
				2EB772791E5571EE00FB3D1B /* AFNetworkReachabilityManager.h in Headers */,
				2EB7728D1E55722A00FB3D1B /* UIImage+AFNetworking.h in Headers */,
				2EB7729A1E55725000FB3D1B /* IW_YouDaoResult.h in Headers */,
				2EB7726F1E5571C700FB3D1B /* IW_DBManager.h in Headers */,
				2EB772911E55723300FB3D1B /* UIKit+AFNetworking.h in Headers */,
				2EB772741E5571D800FB3D1B /* IW_SharedTool.h in Headers */,
				2EB772981E55724900FB3D1B /* IW_WordBaseModel.h in Headers */,
				2EB772761E5571E500FB3D1B /* AFHTTPSessionManager.h in Headers */,
				2EB7729C1E55725500FB3D1B /* IW_JinShanResult.h in Headers */,
				2EB772831E55721100FB3D1B /* AFAutoPurgingImageCache.h in Headers */,
				2EB772661E55718F00FB3D1B /* IWShareKit.h in Headers */,
				2EB772851E55721500FB3D1B /* AFImageDownloader.h in Headers */,
				2EB772871E55721B00FB3D1B /* AFNetworkActivityIndicatorManager.h in Headers */,
				2EB772941E55723A00FB3D1B /* UIRefreshControl+AFNetworking.h in Headers */,
				2EB772711E5571CE00FB3D1B /* IW_WordAPITool.h in Headers */,
				2EB772891E55722000FB3D1B /* UIActivityIndicatorView+AFNetworking.h in Headers */,
				2EB772781E5571EB00FB3D1B /* AFNetworking.h in Headers */,
				2EB7727B1E5571F300FB3D1B /* AFSecurityPolicy.h in Headers */,
				2EB772961E55723F00FB3D1B /* UIWebView+AFNetworking.h in Headers */,
				2EB7727F1E5571FF00FB3D1B /* AFURLResponseSerialization.h in Headers */,
				2EB772921E55723600FB3D1B /* UIProgressView+AFNetworking.h in Headers */,
			);
			runOnlyForDeploymentPostprocessing = 0;
		};
/* End PBXHeadersBuildPhase section */

/* Begin PBXNativeTarget section */
		2E55BC641E52AB6F003CBB30 /* iWord */ = {
			isa = PBXNativeTarget;
			buildConfigurationList = 2E55BC7C1E52AB6F003CBB30 /* Build configuration list for PBXNativeTarget "iWord" */;
			buildPhases = (
				2E55BC611E52AB6F003CBB30 /* Sources */,
				2E55BC621E52AB6F003CBB30 /* Frameworks */,
				2E55BC631E52AB6F003CBB30 /* Resources */,
				2E55BC951E52ABB2003CBB30 /* Embed App Extensions */,
				2EB772361E55709D00FB3D1B /* Embed Frameworks */,
			);
			buildRules = (
			);
			dependencies = (
				2E55BC901E52ABB2003CBB30 /* PBXTargetDependency */,
				2EB772681E55718F00FB3D1B /* PBXTargetDependency */,
			);
			name = iWord;
			productName = iWord;
			productReference = 2E55BC651E52AB6F003CBB30 /* iWord.app */;
			productType = "com.apple.product-type.application";
		};
		2E55BC821E52ABB1003CBB30 /* iWordWidget */ = {
			isa = PBXNativeTarget;
			buildConfigurationList = 2E55BC921E52ABB2003CBB30 /* Build configuration list for PBXNativeTarget "iWordWidget" */;
			buildPhases = (
				2E55BC7F1E52ABB1003CBB30 /* Sources */,
				2E55BC801E52ABB1003CBB30 /* Frameworks */,
				2E55BC811E52ABB1003CBB30 /* Resources */,
			);
			buildRules = (
			);
			dependencies = (
			);
			name = iWordWidget;
			productName = iWordWidget;
			productReference = 2E55BC831E52ABB1003CBB30 /* iWordWidget.appex */;
			productType = "com.apple.product-type.app-extension";
		};
		2EB772611E55718F00FB3D1B /* IWShareKit */ = {
			isa = PBXNativeTarget;
			buildConfigurationList = 2EB7726B1E55718F00FB3D1B /* Build configuration list for PBXNativeTarget "IWShareKit" */;
			buildPhases = (
				2EB7725D1E55718F00FB3D1B /* Sources */,
				2EB7725E1E55718F00FB3D1B /* Frameworks */,
				2EB7725F1E55718F00FB3D1B /* Headers */,
				2EB772601E55718F00FB3D1B /* Resources */,
			);
			buildRules = (
			);
			dependencies = (
			);
			name = IWShareKit;
			productName = IWShareKit;
			productReference = 2EB772621E55718F00FB3D1B /* IWShareKit.framework */;
			productType = "com.apple.product-type.framework";
		};
/* End PBXNativeTarget section */

/* Begin PBXProject section */
		2E55BC5D1E52AB6F003CBB30 /* Project object */ = {
			isa = PBXProject;
			attributes = {
				CLASSPREFIX = IW_;
				LastUpgradeCheck = 0820;
				ORGANIZATIONNAME = shuige;
				TargetAttributes = {
					2E55BC641E52AB6F003CBB30 = {
						CreatedOnToolsVersion = 8.2.1;
						DevelopmentTeam = 38842EP984;
						ProvisioningStyle = Automatic;
					};
					2E55BC821E52ABB1003CBB30 = {
						CreatedOnToolsVersion = 8.2.1;
						DevelopmentTeam = 38842EP984;
						ProvisioningStyle = Automatic;
					};
					2EB772611E55718F00FB3D1B = {
						CreatedOnToolsVersion = 8.2.1;
						DevelopmentTeam = 6K9PH44V6Y;
						ProvisioningStyle = Automatic;
					};
				};
			};
			buildConfigurationList = 2E55BC601E52AB6F003CBB30 /* Build configuration list for PBXProject "iWord" */;
			compatibilityVersion = "Xcode 3.2";
			developmentRegion = English;
			hasScannedForEncodings = 0;
			knownRegions = (
				en,
				Base,
			);
			mainGroup = 2E55BC5C1E52AB6F003CBB30;
			productRefGroup = 2E55BC661E52AB6F003CBB30 /* Products */;
			projectDirPath = "";
			projectRoot = "";
			targets = (
				2E55BC641E52AB6F003CBB30 /* iWord */,
				2E55BC821E52ABB1003CBB30 /* iWordWidget */,
				2EB772611E55718F00FB3D1B /* IWShareKit */,
			);
		};
/* End PBXProject section */

/* Begin PBXResourcesBuildPhase section */
		2E55BC631E52AB6F003CBB30 /* Resources */ = {
			isa = PBXResourcesBuildPhase;
			buildActionMask = 2147483647;
			files = (
				2E55BC781E52AB6F003CBB30 /* LaunchScreen.storyboard in Resources */,
				2E55BC751E52AB6F003CBB30 /* Assets.xcassets in Resources */,
				2EB772A21E55745100FB3D1B /* IW_WordView.xib in Resources */,
				2E55BC731E52AB6F003CBB30 /* Main.storyboard in Resources */,
			);
			runOnlyForDeploymentPostprocessing = 0;
		};
		2E55BC811E52ABB1003CBB30 /* Resources */ = {
			isa = PBXResourcesBuildPhase;
			buildActionMask = 2147483647;
			files = (
				2EBAB5761E5471200092B75E /* Assets.xcassets in Resources */,
				2E55BC8D1E52ABB2003CBB30 /* MainInterface.storyboard in Resources */,
			);
			runOnlyForDeploymentPostprocessing = 0;
		};
		2EB772601E55718F00FB3D1B /* Resources */ = {
			isa = PBXResourcesBuildPhase;
			buildActionMask = 2147483647;
			files = (
			);
			runOnlyForDeploymentPostprocessing = 0;
		};
/* End PBXResourcesBuildPhase section */

/* Begin PBXSourcesBuildPhase section */
		2E55BC611E52AB6F003CBB30 /* Sources */ = {
			isa = PBXSourcesBuildPhase;
			buildActionMask = 2147483647;
			files = (
				2EB772A11E55744E00FB3D1B /* IW_WordView.m in Sources */,
				2E55BC701E52AB6F003CBB30 /* IW_MainViewController.m in Sources */,
				2E25AB181E56E4F700EB1F9C /* IW_Const.m in Sources */,
				2E55BCA71E52CF09003CBB30 /* IW_SettingViewController.m in Sources */,
				2E55BCA11E52CECF003CBB30 /* IW_WordSearchController.m in Sources */,
				2E55BC6D1E52AB6F003CBB30 /* AppDelegate.m in Sources */,
				253ACA671E55F5520060BF7B /* IW_AppManager.m in Sources */,
				2E55BCA41E52CEFA003CBB30 /* IW_WordHistoryController.m in Sources */,
				2E55BC6A1E52AB6F003CBB30 /* main.m in Sources */,
			);
			runOnlyForDeploymentPostprocessing = 0;
		};
		2E55BC7F1E52ABB1003CBB30 /* Sources */ = {
			isa = PBXSourcesBuildPhase;
			buildActionMask = 2147483647;
			files = (
				2E55BC8A1E52ABB2003CBB30 /* TodayViewController.m in Sources */,
			);
			runOnlyForDeploymentPostprocessing = 0;
		};
		2EB7725D1E55718F00FB3D1B /* Sources */ = {
			isa = PBXSourcesBuildPhase;
			buildActionMask = 2147483647;
			files = (
				2EB772931E55723800FB3D1B /* UIProgressView+AFNetworking.m in Sources */,
				2EB772821E55720A00FB3D1B /* AFURLSessionManager.m in Sources */,
				2EB772971E55724100FB3D1B /* UIWebView+AFNetworking.m in Sources */,
				2EB772901E55723000FB3D1B /* UIImageView+AFNetworking.m in Sources */,
				2EB7729D1E55725800FB3D1B /* IW_JinShanResult.m in Sources */,
				2EB772751E5571DB00FB3D1B /* IW_SharedTool.m in Sources */,
				2EB7728C1E55722800FB3D1B /* UIButton+AFNetworking.m in Sources */,
				2EB772721E5571D100FB3D1B /* IW_WordAPITool.m in Sources */,
				2EB7729B1E55725300FB3D1B /* IW_YouDaoResult.m in Sources */,
				2EB7727A1E5571F000FB3D1B /* AFNetworkReachabilityManager.m in Sources */,
				2EB772951E55723D00FB3D1B /* UIRefreshControl+AFNetworking.m in Sources */,
				2EB772701E5571CB00FB3D1B /* IW_DBManager.m in Sources */,
				2EB772841E55721300FB3D1B /* AFAutoPurgingImageCache.m in Sources */,
				2EB772991E55724E00FB3D1B /* IW_WordBaseModel.m in Sources */,
				2EB7727C1E5571F600FB3D1B /* AFSecurityPolicy.m in Sources */,
				2EB7727E1E5571FD00FB3D1B /* AFURLRequestSerialization.m in Sources */,
				2EB772881E55721E00FB3D1B /* AFNetworkActivityIndicatorManager.m in Sources */,
				2EB772801E55720300FB3D1B /* AFURLResponseSerialization.m in Sources */,
				2EB772771E5571E800FB3D1B /* AFHTTPSessionManager.m in Sources */,
				2EB772861E55721800FB3D1B /* AFImageDownloader.m in Sources */,
				2EB7728A1E55722200FB3D1B /* UIActivityIndicatorView+AFNetworking.m in Sources */,
			);
			runOnlyForDeploymentPostprocessing = 0;
		};
/* End PBXSourcesBuildPhase section */

/* Begin PBXTargetDependency section */
		2E55BC901E52ABB2003CBB30 /* PBXTargetDependency */ = {
			isa = PBXTargetDependency;
			target = 2E55BC821E52ABB1003CBB30 /* iWordWidget */;
			targetProxy = 2E55BC8F1E52ABB2003CBB30 /* PBXContainerItemProxy */;
		};
		2EB772681E55718F00FB3D1B /* PBXTargetDependency */ = {
			isa = PBXTargetDependency;
			target = 2EB772611E55718F00FB3D1B /* IWShareKit */;
			targetProxy = 2EB772671E55718F00FB3D1B /* PBXContainerItemProxy */;
		};
/* End PBXTargetDependency section */

/* Begin PBXVariantGroup section */
		2E55BC711E52AB6F003CBB30 /* Main.storyboard */ = {
			isa = PBXVariantGroup;
			children = (
				2E55BC721E52AB6F003CBB30 /* Base */,
			);
			name = Main.storyboard;
			sourceTree = "<group>";
		};
		2E55BC761E52AB6F003CBB30 /* LaunchScreen.storyboard */ = {
			isa = PBXVariantGroup;
			children = (
				2E55BC771E52AB6F003CBB30 /* Base */,
			);
			name = LaunchScreen.storyboard;
			sourceTree = "<group>";
		};
		2E55BC8B1E52ABB2003CBB30 /* MainInterface.storyboard */ = {
			isa = PBXVariantGroup;
			children = (
				2E55BC8C1E52ABB2003CBB30 /* Base */,
			);
			name = MainInterface.storyboard;
			sourceTree = "<group>";
		};
/* End PBXVariantGroup section */

/* Begin XCBuildConfiguration section */
		2E55BC7A1E52AB6F003CBB30 /* Debug */ = {
			isa = XCBuildConfiguration;
			buildSettings = {
				ALWAYS_SEARCH_USER_PATHS = NO;
				CLANG_ANALYZER_NONNULL = YES;
				CLANG_CXX_LANGUAGE_STANDARD = "gnu++0x";
				CLANG_CXX_LIBRARY = "libc++";
				CLANG_ENABLE_MODULES = YES;
				CLANG_ENABLE_OBJC_ARC = YES;
				CLANG_WARN_BOOL_CONVERSION = YES;
				CLANG_WARN_CONSTANT_CONVERSION = YES;
				CLANG_WARN_DIRECT_OBJC_ISA_USAGE = YES_ERROR;
				CLANG_WARN_DOCUMENTATION_COMMENTS = YES;
				CLANG_WARN_EMPTY_BODY = YES;
				CLANG_WARN_ENUM_CONVERSION = YES;
				CLANG_WARN_INFINITE_RECURSION = YES;
				CLANG_WARN_INT_CONVERSION = YES;
				CLANG_WARN_OBJC_ROOT_CLASS = YES_ERROR;
				CLANG_WARN_SUSPICIOUS_MOVE = YES;
				CLANG_WARN_UNREACHABLE_CODE = YES;
				CLANG_WARN__DUPLICATE_METHOD_MATCH = YES;
				"CODE_SIGN_IDENTITY[sdk=iphoneos*]" = "iPhone Developer";
				COPY_PHASE_STRIP = NO;
				DEBUG_INFORMATION_FORMAT = dwarf;
				ENABLE_STRICT_OBJC_MSGSEND = YES;
				ENABLE_TESTABILITY = YES;
				GCC_C_LANGUAGE_STANDARD = gnu99;
				GCC_DYNAMIC_NO_PIC = NO;
				GCC_NO_COMMON_BLOCKS = YES;
				GCC_OPTIMIZATION_LEVEL = 0;
				GCC_PREPROCESSOR_DEFINITIONS = (
					"DEBUG=1",
					"$(inherited)",
				);
				GCC_WARN_64_TO_32_BIT_CONVERSION = YES;
				GCC_WARN_ABOUT_RETURN_TYPE = YES_ERROR;
				GCC_WARN_UNDECLARED_SELECTOR = YES;
				GCC_WARN_UNINITIALIZED_AUTOS = YES_AGGRESSIVE;
				GCC_WARN_UNUSED_FUNCTION = YES;
				GCC_WARN_UNUSED_VARIABLE = YES;
				IPHONEOS_DEPLOYMENT_TARGET = 10.2;
				MTL_ENABLE_DEBUG_INFO = YES;
				ONLY_ACTIVE_ARCH = YES;
				SDKROOT = iphoneos;
			};
			name = Debug;
		};
		2E55BC7B1E52AB6F003CBB30 /* Release */ = {
			isa = XCBuildConfiguration;
			buildSettings = {
				ALWAYS_SEARCH_USER_PATHS = NO;
				CLANG_ANALYZER_NONNULL = YES;
				CLANG_CXX_LANGUAGE_STANDARD = "gnu++0x";
				CLANG_CXX_LIBRARY = "libc++";
				CLANG_ENABLE_MODULES = YES;
				CLANG_ENABLE_OBJC_ARC = YES;
				CLANG_WARN_BOOL_CONVERSION = YES;
				CLANG_WARN_CONSTANT_CONVERSION = YES;
				CLANG_WARN_DIRECT_OBJC_ISA_USAGE = YES_ERROR;
				CLANG_WARN_DOCUMENTATION_COMMENTS = YES;
				CLANG_WARN_EMPTY_BODY = YES;
				CLANG_WARN_ENUM_CONVERSION = YES;
				CLANG_WARN_INFINITE_RECURSION = YES;
				CLANG_WARN_INT_CONVERSION = YES;
				CLANG_WARN_OBJC_ROOT_CLASS = YES_ERROR;
				CLANG_WARN_SUSPICIOUS_MOVE = YES;
				CLANG_WARN_UNREACHABLE_CODE = YES;
				CLANG_WARN__DUPLICATE_METHOD_MATCH = YES;
				"CODE_SIGN_IDENTITY[sdk=iphoneos*]" = "iPhone Developer";
				COPY_PHASE_STRIP = NO;
				DEBUG_INFORMATION_FORMAT = "dwarf-with-dsym";
				ENABLE_NS_ASSERTIONS = NO;
				ENABLE_STRICT_OBJC_MSGSEND = YES;
				GCC_C_LANGUAGE_STANDARD = gnu99;
				GCC_NO_COMMON_BLOCKS = YES;
				GCC_WARN_64_TO_32_BIT_CONVERSION = YES;
				GCC_WARN_ABOUT_RETURN_TYPE = YES_ERROR;
				GCC_WARN_UNDECLARED_SELECTOR = YES;
				GCC_WARN_UNINITIALIZED_AUTOS = YES_AGGRESSIVE;
				GCC_WARN_UNUSED_FUNCTION = YES;
				GCC_WARN_UNUSED_VARIABLE = YES;
				IPHONEOS_DEPLOYMENT_TARGET = 10.2;
				MTL_ENABLE_DEBUG_INFO = NO;
				SDKROOT = iphoneos;
				VALIDATE_PRODUCT = YES;
			};
			name = Release;
		};
		2E55BC7D1E52AB6F003CBB30 /* Debug */ = {
			isa = XCBuildConfiguration;
			buildSettings = {
				ASSETCATALOG_COMPILER_APPICON_NAME = AppIcon;
				DEVELOPMENT_TEAM = 38842EP984;
				GCC_PREFIX_HEADER = "$(SRCROOT)/iWord/IW_Header.pch";
				INFOPLIST_FILE = iWord/Info.plist;
				IPHONEOS_DEPLOYMENT_TARGET = 8.0;
				LD_RUNPATH_SEARCH_PATHS = "$(inherited) @executable_path/Frameworks";
				PRODUCT_BUNDLE_IDENTIFIER = com.shuige.iWord1;
				PRODUCT_NAME = "$(TARGET_NAME)";
			};
			name = Debug;
		};
		2E55BC7E1E52AB6F003CBB30 /* Release */ = {
			isa = XCBuildConfiguration;
			buildSettings = {
				ASSETCATALOG_COMPILER_APPICON_NAME = AppIcon;
				DEVELOPMENT_TEAM = 38842EP984;
				GCC_PREFIX_HEADER = "$(SRCROOT)/iWord/IW_Header.pch";
				INFOPLIST_FILE = iWord/Info.plist;
				IPHONEOS_DEPLOYMENT_TARGET = 8.0;
				LD_RUNPATH_SEARCH_PATHS = "$(inherited) @executable_path/Frameworks";
				PRODUCT_BUNDLE_IDENTIFIER = com.shuige.iWord1;
				PRODUCT_NAME = "$(TARGET_NAME)";
			};
			name = Release;
		};
		2E55BC931E52ABB2003CBB30 /* Debug */ = {
			isa = XCBuildConfiguration;
			buildSettings = {
				DEVELOPMENT_TEAM = 38842EP984;
				GCC_PREFIX_HEADER = "";
				INFOPLIST_FILE = iWordWidget/Info.plist;
				IPHONEOS_DEPLOYMENT_TARGET = 8.0;
				LD_RUNPATH_SEARCH_PATHS = "$(inherited) @executable_path/Frameworks @executable_path/../../Frameworks";
				PRODUCT_BUNDLE_IDENTIFIER = com.shuige.iWord1.iWordWidget;
				PRODUCT_NAME = "$(TARGET_NAME)";
				SKIP_INSTALL = YES;
			};
			name = Debug;
		};
		2E55BC941E52ABB2003CBB30 /* Release */ = {
			isa = XCBuildConfiguration;
			buildSettings = {
				DEVELOPMENT_TEAM = 38842EP984;
				GCC_PREFIX_HEADER = "";
				INFOPLIST_FILE = iWordWidget/Info.plist;
				IPHONEOS_DEPLOYMENT_TARGET = 8.0;
				LD_RUNPATH_SEARCH_PATHS = "$(inherited) @executable_path/Frameworks @executable_path/../../Frameworks";
				PRODUCT_BUNDLE_IDENTIFIER = com.shuige.iWord1.iWordWidget;
				PRODUCT_NAME = "$(TARGET_NAME)";
				SKIP_INSTALL = YES;
			};
			name = Release;
		};
		2EB7726C1E55718F00FB3D1B /* Debug */ = {
			isa = XCBuildConfiguration;
			buildSettings = {
				CODE_SIGN_IDENTITY = "";
				CURRENT_PROJECT_VERSION = 1;
				DEFINES_MODULE = YES;
				DEVELOPMENT_TEAM = 6K9PH44V6Y;
				DYLIB_COMPATIBILITY_VERSION = 1;
				DYLIB_CURRENT_VERSION = 1;
				DYLIB_INSTALL_NAME_BASE = "@rpath";
				INFOPLIST_FILE = IWShareKit/Info.plist;
				INSTALL_PATH = "$(LOCAL_LIBRARY_DIR)/Frameworks";
				LD_RUNPATH_SEARCH_PATHS = "$(inherited) @executable_path/Frameworks @loader_path/Frameworks";
				PRODUCT_BUNDLE_IDENTIFIER = com.shuige.IWShareKit;
				PRODUCT_NAME = "$(TARGET_NAME)";
				SKIP_INSTALL = YES;
				TARGETED_DEVICE_FAMILY = "1,2";
				VERSIONING_SYSTEM = "apple-generic";
				VERSION_INFO_PREFIX = "";
			};
			name = Debug;
		};
		2EB7726D1E55718F00FB3D1B /* Release */ = {
			isa = XCBuildConfiguration;
			buildSettings = {
				CODE_SIGN_IDENTITY = "";
				CURRENT_PROJECT_VERSION = 1;
				DEFINES_MODULE = YES;
				DEVELOPMENT_TEAM = 6K9PH44V6Y;
				DYLIB_COMPATIBILITY_VERSION = 1;
				DYLIB_CURRENT_VERSION = 1;
				DYLIB_INSTALL_NAME_BASE = "@rpath";
				INFOPLIST_FILE = IWShareKit/Info.plist;
				INSTALL_PATH = "$(LOCAL_LIBRARY_DIR)/Frameworks";
				LD_RUNPATH_SEARCH_PATHS = "$(inherited) @executable_path/Frameworks @loader_path/Frameworks";
				PRODUCT_BUNDLE_IDENTIFIER = com.shuige.IWShareKit;
				PRODUCT_NAME = "$(TARGET_NAME)";
				SKIP_INSTALL = YES;
				TARGETED_DEVICE_FAMILY = "1,2";
				VERSIONING_SYSTEM = "apple-generic";
				VERSION_INFO_PREFIX = "";
			};
			name = Release;
		};
/* End XCBuildConfiguration section */

/* Begin XCConfigurationList section */
		2E55BC601E52AB6F003CBB30 /* Build configuration list for PBXProject "iWord" */ = {
			isa = XCConfigurationList;
			buildConfigurations = (
				2E55BC7A1E52AB6F003CBB30 /* Debug */,
				2E55BC7B1E52AB6F003CBB30 /* Release */,
			);
			defaultConfigurationIsVisible = 0;
			defaultConfigurationName = Release;
		};
		2E55BC7C1E52AB6F003CBB30 /* Build configuration list for PBXNativeTarget "iWord" */ = {
			isa = XCConfigurationList;
			buildConfigurations = (
				2E55BC7D1E52AB6F003CBB30 /* Debug */,
				2E55BC7E1E52AB6F003CBB30 /* Release */,
			);
			defaultConfigurationIsVisible = 0;
			defaultConfigurationName = Release;
		};
		2E55BC921E52ABB2003CBB30 /* Build configuration list for PBXNativeTarget "iWordWidget" */ = {
			isa = XCConfigurationList;
			buildConfigurations = (
				2E55BC931E52ABB2003CBB30 /* Debug */,
				2E55BC941E52ABB2003CBB30 /* Release */,
			);
			defaultConfigurationIsVisible = 0;
			defaultConfigurationName = Release;
		};
		2EB7726B1E55718F00FB3D1B /* Build configuration list for PBXNativeTarget "IWShareKit" */ = {
			isa = XCConfigurationList;
			buildConfigurations = (
				2EB7726C1E55718F00FB3D1B /* Debug */,
				2EB7726D1E55718F00FB3D1B /* Release */,
			);
			defaultConfigurationIsVisible = 0;
			defaultConfigurationName = Release;
		};
/* End XCConfigurationList section */
	};
	rootObject = 2E55BC5D1E52AB6F003CBB30 /* Project object */;
}
